
Microsoft Visual Studio Solution File, Format Version 12.00
# Visual Studio Version 17
VisualStudioVersion = 17.6.33617.297
MinimumVisualStudioVersion = 10.0.40219.1
Project("{9A19103F-16F7-4668-BE54-9A1E7A4F7556}") = "CarBookingManager.API", "CarBookingManager.API\CarBookingManager.API.csproj", "{9CFFB8ED-1BBE-4FED-B80C-791D3D2FC260}"
EndProject
Project("{FAE04EC0-301F-11D3-BF4B-00C04F79EFBC}") = "CarBookingManager.Tests", "CarBookingManager.Tests\CarBookingManager.Tests.csproj", "{52F1BE7C-B206-40C6-8B3D-CAD41BADF318}"
EndProject
Global
	GlobalSection(SolutionConfigurationPlatforms) = preSolution
		Debug|Any CPU = Debug|Any CPU
		Release|Any CPU = Release|Any CPU
	EndGlobalSection
	GlobalSection(ProjectConfigurationPlatforms) = postSolution
		{9CFFB8ED-1BBE-4FED-B80C-791D3D2FC260}.Debug|Any CPU.ActiveCfg = Debug|Any CPU
		{9CFFB8ED-1BBE-4FED-B80C-791D3D2FC260}.Debug|Any CPU.Build.0 = Debug|Any CPU
		{9CFFB8ED-1BBE-4FED-B80C-791D3D2FC260}.Release|Any CPU.ActiveCfg = Release|Any CPU
		{9CFFB8ED-1BBE-4FED-B80C-791D3D2FC260}.Release|Any CPU.Build.0 = Release|Any CPU
		{52F1BE7C-B206-40C6-8B3D-CAD41BADF318}.Debug|Any CPU.ActiveCfg = Debug|Any CPU
		{52F1BE7C-B206-40C6-8B3D-CAD41BADF318}.Debug|Any CPU.Build.0 = Debug|Any CPU
		{52F1BE7C-B206-40C6-8B3D-CAD41BADF318}.Release|Any CPU.ActiveCfg = Release|Any CPU
		{52F1BE7C-B206-40C6-8B3D-CAD41BADF318}.Release|Any CPU.Build.0 = Release|Any CPU
	EndGlobalSection
	GlobalSection(SolutionProperties) = preSolution
		HideSolutionNode = FALSE
	EndGlobalSection
	GlobalSection(ExtensibilityGlobals) = postSolution
		SolutionGuid = {41BB0180-7078-45E0-A658-EA7ED1118CED}
	EndGlobalSection
EndGlobal
